
Microsoft Visual Studio Solution File, Format Version 12.00
# Visual Studio Version 17
VisualStudioVersion = 17.4.33403.182
MinimumVisualStudioVersion = 10.0.40219.1
Project("{FAE04EC0-301F-11D3-BF4B-00C04F79EFBC}") = "Dinky_bwb", "Dinky_bwb.csproj", "{877CB581-1CA3-42F9-9CDB-B16D1D9E59DF}"
EndProject
Global
	GlobalSection(SolutionConfigurationPlatforms) = preSolution
		Debug|Any CPU = Debug|Any CPU
		Release|Any CPU = Release|Any CPU
	EndGlobalSection
	GlobalSection(ProjectConfigurationPlatforms) = postSolution
		{877CB581-1CA3-42F9-9CDB-B16D1D9E59DF}.Debug|Any CPU.ActiveCfg = Debug|Any CPU
		{877CB581-1CA3-42F9-9CDB-B16D1D9E59DF}.Debug|Any CPU.Build.0 = Debug|Any CPU
		{877CB581-1CA3-42F9-9CDB-B16D1D9E59DF}.Release|Any CPU.ActiveCfg = Release|Any CPU
		{877CB581-1CA3-42F9-9CDB-B16D1D9E59DF}.Release|Any CPU.Build.0 = Release|Any CPU
	EndGlobalSection
	GlobalSection(SolutionProperties) = preSolution
		HideSolutionNode = FALSE
	EndGlobalSection
	GlobalSection(ExtensibilityGlobals) = postSolution
		SolutionGuid = {036D00D1-C8D2-4202-9B38-2C078B6BB5B3}
	EndGlobalSection
EndGlobal
